// !$*UTF8*$!
{
	archiveVersion = 1;
	classes = {
	};
	objectVersion = 56;
	objects = {

/* Begin PBXBuildFile section */
		342412E129845C5500CD4DCF /* ImageHelper.swift in Sources */ = {isa = PBXBuildFile; fileRef = 342412E029845C5500CD4DCF /* ImageHelper.swift */; };
		342412E329845E3F00CD4DCF /* Localizable.strings in Resources */ = {isa = PBXBuildFile; fileRef = 342412E229845E3F00CD4DCF /* Localizable.strings */; };
		342412E529845E4D00CD4DCF /* TextHelper.swift in Sources */ = {isa = PBXBuildFile; fileRef = 342412E429845E4D00CD4DCF /* TextHelper.swift */; };
		342412EB2984619100CD4DCF /* ColorHelper.swift in Sources */ = {isa = PBXBuildFile; fileRef = 342412EA2984619100CD4DCF /* ColorHelper.swift */; };
		342412EE298462AE00CD4DCF /* MovieNameAddField.swift in Sources */ = {isa = PBXBuildFile; fileRef = 342412ED298462AE00CD4DCF /* MovieNameAddField.swift */; };
		342412F1298462DB00CD4DCF /* PriceValueAddField.swift in Sources */ = {isa = PBXBuildFile; fileRef = 342412F0298462DB00CD4DCF /* PriceValueAddField.swift */; };
		342412F62984633A00CD4DCF /* StyleHelper.swift in Sources */ = {isa = PBXBuildFile; fileRef = 342412F52984633A00CD4DCF /* StyleHelper.swift */; };
		342412F92984648200CD4DCF /* AddMovieStyle.swift in Sources */ = {isa = PBXBuildFile; fileRef = 342412F82984648200CD4DCF /* AddMovieStyle.swift */; };
		342412FB2984681500CD4DCF /* ViewsBackground.swift in Sources */ = {isa = PBXBuildFile; fileRef = 342412FA2984681500CD4DCF /* ViewsBackground.swift */; };
		346F078029887FB9000CBFDF /* DataManager.swift in Sources */ = {isa = PBXBuildFile; fileRef = 346F077F29887FB9000CBFDF /* DataManager.swift */; };
		349A956A298389CD00D12B4A /* MovieeApp.swift in Sources */ = {isa = PBXBuildFile; fileRef = 349A9569298389CD00D12B4A /* MovieeApp.swift */; };
		349A956C298389CD00D12B4A /* AddMovieView.swift in Sources */ = {isa = PBXBuildFile; fileRef = 349A956B298389CD00D12B4A /* AddMovieView.swift */; };
		349A956E298389CF00D12B4A /* Assets.xcassets in Resources */ = {isa = PBXBuildFile; fileRef = 349A956D298389CF00D12B4A /* Assets.xcassets */; };
		349A9571298389CF00D12B4A /* Preview Assets.xcassets in Resources */ = {isa = PBXBuildFile; fileRef = 349A9570298389CF00D12B4A /* Preview Assets.xcassets */; };
		349CFF982989F76700D925CD /* FredokaOne-Regular.ttf in Resources */ = {isa = PBXBuildFile; fileRef = 349CFF972989F73F00D925CD /* FredokaOne-Regular.ttf */; };
		349CFF9A2989F7E900D925CD /* Font+Extensions.swift in Sources */ = {isa = PBXBuildFile; fileRef = 349CFF992989F7E900D925CD /* Font+Extensions.swift */; };
		349CFFA8298AC64700D925CD /* ViewModelManager.swift in Sources */ = {isa = PBXBuildFile; fileRef = 349CFFA7298AC64700D925CD /* ViewModelManager.swift */; };
		34AA1ECE29859CB5007B99D3 /* AddMovieButton.swift in Sources */ = {isa = PBXBuildFile; fileRef = 34AA1ECD29859CB5007B99D3 /* AddMovieButton.swift */; };
		34AA1ED029859F8C007B99D3 /* String+Extensions.swift in Sources */ = {isa = PBXBuildFile; fileRef = 34AA1ECF29859F8C007B99D3 /* String+Extensions.swift */; };
		34AA1ED22985A1EE007B99D3 /* GoHomeStyle.swift in Sources */ = {isa = PBXBuildFile; fileRef = 34AA1ED12985A1EE007B99D3 /* GoHomeStyle.swift */; };
		34AA1ED42985A461007B99D3 /* ImagePickerStyle.swift in Sources */ = {isa = PBXBuildFile; fileRef = 34AA1ED32985A461007B99D3 /* ImagePickerStyle.swift */; };
		34AA1ED62985B25F007B99D3 /* GoHomeButton.swift in Sources */ = {isa = PBXBuildFile; fileRef = 34AA1ED52985B25F007B99D3 /* GoHomeButton.swift */; };
		34AA1ED82985B2D9007B99D3 /* ImagePickerButton.swift in Sources */ = {isa = PBXBuildFile; fileRef = 34AA1ED72985B2D9007B99D3 /* ImagePickerButton.swift */; };
		34AA1EDC2985B98C007B99D3 /* MovieNameAddStyle.swift in Sources */ = {isa = PBXBuildFile; fileRef = 34AA1EDB2985B98C007B99D3 /* MovieNameAddStyle.swift */; };
		34AA1EDE2985BD3A007B99D3 /* MoneyValueAddStyle.swift in Sources */ = {isa = PBXBuildFile; fileRef = 34AA1EDD2985BD3A007B99D3 /* MoneyValueAddStyle.swift */; };
		34AA1EE0298600D8007B99D3 /* AddTakeImageStyle.swift in Sources */ = {isa = PBXBuildFile; fileRef = 34AA1EDF298600D8007B99D3 /* AddTakeImageStyle.swift */; };
		34AA1EE229860B43007B99D3 /* AddTakeImageButton.swift in Sources */ = {isa = PBXBuildFile; fileRef = 34AA1EE129860B43007B99D3 /* AddTakeImageButton.swift */; };
		34AA1EE429860E40007B99D3 /* Observer+Extensions.swift in Sources */ = {isa = PBXBuildFile; fileRef = 34AA1EE329860E40007B99D3 /* Observer+Extensions.swift */; };
		34AA1EE6298618FF007B99D3 /* HomeView.swift in Sources */ = {isa = PBXBuildFile; fileRef = 34AA1EE5298618FF007B99D3 /* HomeView.swift */; };
		34AA1EE829861AEF007B99D3 /* MovieeRouter.swift in Sources */ = {isa = PBXBuildFile; fileRef = 34AA1EE729861AEF007B99D3 /* MovieeRouter.swift */; };
		34AA1EEB2986C062007B99D3 /* ImagePickerManager.swift in Sources */ = {isa = PBXBuildFile; fileRef = 34AA1EEA2986C062007B99D3 /* ImagePickerManager.swift */; };
		34AA1EEF2986F0A2007B99D3 /* ImageSectionButtons.swift in Sources */ = {isa = PBXBuildFile; fileRef = 34AA1EEE2986F0A2007B99D3 /* ImageSectionButtons.swift */; };
		34AA1F0F29887E2F007B99D3 /* MovieeModel.xcdatamodeld in Sources */ = {isa = PBXBuildFile; fileRef = 34AA1F0D29887E2F007B99D3 /* MovieeModel.xcdatamodeld */; };
		34C1C9BF298BFD9B009419DF /* UIImage+Extensions.swift in Sources */ = {isa = PBXBuildFile; fileRef = 34C1C9BE298BFD9B009419DF /* UIImage+Extensions.swift */; };
/* End PBXBuildFile section */

/* Begin PBXFileReference section */
		342412E029845C5500CD4DCF /* ImageHelper.swift */ = {isa = PBXFileReference; lastKnownFileType = sourcecode.swift; path = ImageHelper.swift; sourceTree = "<group>"; };
		342412E229845E3F00CD4DCF /* Localizable.strings */ = {isa = PBXFileReference; lastKnownFileType = text.plist.strings; path = Localizable.strings; sourceTree = "<group>"; };
		342412E429845E4D00CD4DCF /* TextHelper.swift */ = {isa = PBXFileReference; lastKnownFileType = sourcecode.swift; path = TextHelper.swift; sourceTree = "<group>"; };
		342412EA2984619100CD4DCF /* ColorHelper.swift */ = {isa = PBXFileReference; lastKnownFileType = sourcecode.swift; path = ColorHelper.swift; sourceTree = "<group>"; };
		342412ED298462AE00CD4DCF /* MovieNameAddField.swift */ = {isa = PBXFileReference; lastKnownFileType = sourcecode.swift; path = MovieNameAddField.swift; sourceTree = "<group>"; };
		342412F0298462DB00CD4DCF /* PriceValueAddField.swift */ = {isa = PBXFileReference; lastKnownFileType = sourcecode.swift; path = PriceValueAddField.swift; sourceTree = "<group>"; };
		342412F52984633A00CD4DCF /* StyleHelper.swift */ = {isa = PBXFileReference; lastKnownFileType = sourcecode.swift; path = StyleHelper.swift; sourceTree = "<group>"; };
		342412F82984648200CD4DCF /* AddMovieStyle.swift */ = {isa = PBXFileReference; lastKnownFileType = sourcecode.swift; path = AddMovieStyle.swift; sourceTree = "<group>"; };
		342412FA2984681500CD4DCF /* ViewsBackground.swift */ = {isa = PBXFileReference; lastKnownFileType = sourcecode.swift; path = ViewsBackground.swift; sourceTree = "<group>"; };
		346F077F29887FB9000CBFDF /* DataManager.swift */ = {isa = PBXFileReference; lastKnownFileType = sourcecode.swift; path = DataManager.swift; sourceTree = "<group>"; };
		349A9566298389CD00D12B4A /* Moviee.app */ = {isa = PBXFileReference; explicitFileType = wrapper.application; includeInIndex = 0; path = Moviee.app; sourceTree = BUILT_PRODUCTS_DIR; };
		349A9569298389CD00D12B4A /* MovieeApp.swift */ = {isa = PBXFileReference; lastKnownFileType = sourcecode.swift; path = MovieeApp.swift; sourceTree = "<group>"; };
		349A956B298389CD00D12B4A /* AddMovieView.swift */ = {isa = PBXFileReference; lastKnownFileType = sourcecode.swift; path = AddMovieView.swift; sourceTree = "<group>"; };
		349A956D298389CF00D12B4A /* Assets.xcassets */ = {isa = PBXFileReference; lastKnownFileType = folder.assetcatalog; path = Assets.xcassets; sourceTree = "<group>"; };
		349A9570298389CF00D12B4A /* Preview Assets.xcassets */ = {isa = PBXFileReference; lastKnownFileType = folder.assetcatalog; path = "Preview Assets.xcassets"; sourceTree = "<group>"; };
		349CFF972989F73F00D925CD /* FredokaOne-Regular.ttf */ = {isa = PBXFileReference; lastKnownFileType = file; path = "FredokaOne-Regular.ttf"; sourceTree = "<group>"; };
		349CFF992989F7E900D925CD /* Font+Extensions.swift */ = {isa = PBXFileReference; lastKnownFileType = sourcecode.swift; path = "Font+Extensions.swift"; sourceTree = "<group>"; };
		349CFFA7298AC64700D925CD /* ViewModelManager.swift */ = {isa = PBXFileReference; lastKnownFileType = sourcecode.swift; path = ViewModelManager.swift; sourceTree = "<group>"; };
		34AA1ECD29859CB5007B99D3 /* AddMovieButton.swift */ = {isa = PBXFileReference; lastKnownFileType = sourcecode.swift; path = AddMovieButton.swift; sourceTree = "<group>"; };
		34AA1ECF29859F8C007B99D3 /* String+Extensions.swift */ = {isa = PBXFileReference; lastKnownFileType = sourcecode.swift; path = "String+Extensions.swift"; sourceTree = "<group>"; };
		34AA1ED12985A1EE007B99D3 /* GoHomeStyle.swift */ = {isa = PBXFileReference; lastKnownFileType = sourcecode.swift; path = GoHomeStyle.swift; sourceTree = "<group>"; };
		34AA1ED32985A461007B99D3 /* ImagePickerStyle.swift */ = {isa = PBXFileReference; lastKnownFileType = sourcecode.swift; path = ImagePickerStyle.swift; sourceTree = "<group>"; };
		34AA1ED52985B25F007B99D3 /* GoHomeButton.swift */ = {isa = PBXFileReference; lastKnownFileType = sourcecode.swift; path = GoHomeButton.swift; sourceTree = "<group>"; };
		34AA1ED72985B2D9007B99D3 /* ImagePickerButton.swift */ = {isa = PBXFileReference; lastKnownFileType = sourcecode.swift; path = ImagePickerButton.swift; sourceTree = "<group>"; };
		34AA1EDB2985B98C007B99D3 /* MovieNameAddStyle.swift */ = {isa = PBXFileReference; lastKnownFileType = sourcecode.swift; path = MovieNameAddStyle.swift; sourceTree = "<group>"; };
		34AA1EDD2985BD3A007B99D3 /* MoneyValueAddStyle.swift */ = {isa = PBXFileReference; lastKnownFileType = sourcecode.swift; path = MoneyValueAddStyle.swift; sourceTree = "<group>"; };
		34AA1EDF298600D8007B99D3 /* AddTakeImageStyle.swift */ = {isa = PBXFileReference; lastKnownFileType = sourcecode.swift; path = AddTakeImageStyle.swift; sourceTree = "<group>"; };
		34AA1EE129860B43007B99D3 /* AddTakeImageButton.swift */ = {isa = PBXFileReference; lastKnownFileType = sourcecode.swift; path = AddTakeImageButton.swift; sourceTree = "<group>"; };
		34AA1EE329860E40007B99D3 /* Observer+Extensions.swift */ = {isa = PBXFileReference; lastKnownFileType = sourcecode.swift; path = "Observer+Extensions.swift"; sourceTree = "<group>"; };
		34AA1EE5298618FF007B99D3 /* HomeView.swift */ = {isa = PBXFileReference; lastKnownFileType = sourcecode.swift; path = HomeView.swift; sourceTree = "<group>"; };
		34AA1EE729861AEF007B99D3 /* MovieeRouter.swift */ = {isa = PBXFileReference; lastKnownFileType = sourcecode.swift; path = MovieeRouter.swift; sourceTree = "<group>"; };
		34AA1EEA2986C062007B99D3 /* ImagePickerManager.swift */ = {isa = PBXFileReference; lastKnownFileType = sourcecode.swift; path = ImagePickerManager.swift; sourceTree = "<group>"; };
		34AA1EEC2986CA35007B99D3 /* Info.plist */ = {isa = PBXFileReference; lastKnownFileType = text.plist.xml; path = Info.plist; sourceTree = "<group>"; };
		34AA1EEE2986F0A2007B99D3 /* ImageSectionButtons.swift */ = {isa = PBXFileReference; lastKnownFileType = sourcecode.swift; path = ImageSectionButtons.swift; sourceTree = "<group>"; };
		34AA1F0E29887E2F007B99D3 /* MovieeModel.xcdatamodel */ = {isa = PBXFileReference; lastKnownFileType = wrapper.xcdatamodel; path = MovieeModel.xcdatamodel; sourceTree = "<group>"; };
		34C1C9BE298BFD9B009419DF /* UIImage+Extensions.swift */ = {isa = PBXFileReference; lastKnownFileType = sourcecode.swift; path = "UIImage+Extensions.swift"; sourceTree = "<group>"; };
/* End PBXFileReference section */

/* Begin PBXFrameworksBuildPhase section */
		349A9563298389CD00D12B4A /* Frameworks */ = {
			isa = PBXFrameworksBuildPhase;
			buildActionMask = 2147483647;
			files = (
			);
			runOnlyForDeploymentPostprocessing = 0;
		};
/* End PBXFrameworksBuildPhase section */

/* Begin PBXGroup section */
		342412D92984574D00CD4DCF /* Core */ = {
			isa = PBXGroup;
			children = (
				34C1C9C7298C7EFC009419DF /* View */,
				342412DD2984578800CD4DCF /* SubViews */,
			);
			path = Core;
			sourceTree = "<group>";
		};
		342412DA2984575100CD4DCF /* Router */ = {
			isa = PBXGroup;
			children = (
				349A9569298389CD00D12B4A /* MovieeApp.swift */,
				34AA1EE729861AEF007B99D3 /* MovieeRouter.swift */,
			);
			path = Router;
			sourceTree = "<group>";
		};
		342412DB2984575700CD4DCF /* Handeler */ = {
			isa = PBXGroup;
			children = (
				34AA1EE92986C042007B99D3 /* Managers */,
				342412E629845FBF00CD4DCF /* Extensions */,
			);
			path = Handeler;
			sourceTree = "<group>";
		};
		342412DC2984577200CD4DCF /* Source */ = {
			isa = PBXGroup;
			children = (
				34AA1EFB29886987007B99D3 /* Fonts */,
				342412DF29845C4100CD4DCF /* Helpers */,
				34AA1F0D29887E2F007B99D3 /* MovieeModel.xcdatamodeld */,
				34AA1EEC2986CA35007B99D3 /* Info.plist */,
			);
			path = Source;
			sourceTree = "<group>";
		};
		342412DD2984578800CD4DCF /* SubViews */ = {
			isa = PBXGroup;
			children = (
				34AA1ECC29859C9C007B99D3 /* Buttons */,
				34AA1EDA2985B962007B99D3 /* Styles */,
				34AA1EED2986F078007B99D3 /* AltSubViews */,
				342412EC2984626500CD4DCF /* TextField */,
			);
			path = SubViews;
			sourceTree = "<group>";
		};
		342412DF29845C4100CD4DCF /* Helpers */ = {
			isa = PBXGroup;
			children = (
				342412F42984631700CD4DCF /* AssetsHelper */,
				342412F72984636B00CD4DCF /* PropertiesHelper */,
			);
			path = Helpers;
			sourceTree = "<group>";
		};
		342412E629845FBF00CD4DCF /* Extensions */ = {
			isa = PBXGroup;
			children = (
				349CFF992989F7E900D925CD /* Font+Extensions.swift */,
				34AA1ECF29859F8C007B99D3 /* String+Extensions.swift */,
				34AA1EE329860E40007B99D3 /* Observer+Extensions.swift */,
				34C1C9BE298BFD9B009419DF /* UIImage+Extensions.swift */,
			);
			path = Extensions;
			sourceTree = "<group>";
		};
		342412E92984616800CD4DCF /* ButtonStyle */ = {
			isa = PBXGroup;
			children = (
				342412F82984648200CD4DCF /* AddMovieStyle.swift */,
				34AA1ED12985A1EE007B99D3 /* GoHomeStyle.swift */,
				34AA1ED32985A461007B99D3 /* ImagePickerStyle.swift */,
				34AA1EDF298600D8007B99D3 /* AddTakeImageStyle.swift */,
			);
			path = ButtonStyle;
			sourceTree = "<group>";
		};
		342412EC2984626500CD4DCF /* TextField */ = {
			isa = PBXGroup;
			children = (
				342412ED298462AE00CD4DCF /* MovieNameAddField.swift */,
				342412F0298462DB00CD4DCF /* PriceValueAddField.swift */,
			);
			path = TextField;
			sourceTree = "<group>";
		};
		342412F42984631700CD4DCF /* AssetsHelper */ = {
			isa = PBXGroup;
			children = (
				349A956D298389CF00D12B4A /* Assets.xcassets */,
				342412E229845E3F00CD4DCF /* Localizable.strings */,
				342412E029845C5500CD4DCF /* ImageHelper.swift */,
				342412E429845E4D00CD4DCF /* TextHelper.swift */,
				342412EA2984619100CD4DCF /* ColorHelper.swift */,
			);
			path = AssetsHelper;
			sourceTree = "<group>";
		};
		342412F72984636B00CD4DCF /* PropertiesHelper */ = {
			isa = PBXGroup;
			children = (
				342412F52984633A00CD4DCF /* StyleHelper.swift */,
			);
			path = PropertiesHelper;
			sourceTree = "<group>";
		};
		349A955D298389CD00D12B4A = {
			isa = PBXGroup;
			children = (
				349A9568298389CD00D12B4A /* Moviee */,
				349A9567298389CD00D12B4A /* Products */,
			);
			sourceTree = "<group>";
		};
		349A9567298389CD00D12B4A /* Products */ = {
			isa = PBXGroup;
			children = (
				349A9566298389CD00D12B4A /* Moviee.app */,
			);
			name = Products;
			sourceTree = "<group>";
		};
		349A9568298389CD00D12B4A /* Moviee */ = {
			isa = PBXGroup;
			children = (
				342412D92984574D00CD4DCF /* Core */,
				342412DB2984575700CD4DCF /* Handeler */,
				342412DC2984577200CD4DCF /* Source */,
				342412DA2984575100CD4DCF /* Router */,
				349A956F298389CF00D12B4A /* Preview Content */,
			);
			path = Moviee;
			sourceTree = "<group>";
		};
		349A956F298389CF00D12B4A /* Preview Content */ = {
			isa = PBXGroup;
			children = (
				349A9570298389CF00D12B4A /* Preview Assets.xcassets */,
			);
			path = "Preview Content";
			sourceTree = "<group>";
		};
		34AA1ECC29859C9C007B99D3 /* Buttons */ = {
			isa = PBXGroup;
			children = (
				34AA1ECD29859CB5007B99D3 /* AddMovieButton.swift */,
				34AA1ED52985B25F007B99D3 /* GoHomeButton.swift */,
				34AA1EE129860B43007B99D3 /* AddTakeImageButton.swift */,
				34AA1ED72985B2D9007B99D3 /* ImagePickerButton.swift */,
				34AA1EEE2986F0A2007B99D3 /* ImageSectionButtons.swift */,
			);
			path = Buttons;
			sourceTree = "<group>";
		};
		34AA1ED92985B958007B99D3 /* TextFieldStyle */ = {
			isa = PBXGroup;
			children = (
				34AA1EDB2985B98C007B99D3 /* MovieNameAddStyle.swift */,
				34AA1EDD2985BD3A007B99D3 /* MoneyValueAddStyle.swift */,
			);
			path = TextFieldStyle;
			sourceTree = "<group>";
		};
		34AA1EDA2985B962007B99D3 /* Styles */ = {
			isa = PBXGroup;
			children = (
				34AA1ED92985B958007B99D3 /* TextFieldStyle */,
				342412E92984616800CD4DCF /* ButtonStyle */,
			);
			path = Styles;
			sourceTree = "<group>";
		};
		34AA1EE92986C042007B99D3 /* Managers */ = {
			isa = PBXGroup;
			children = (
				349CFFA7298AC64700D925CD /* ViewModelManager.swift */,
				346F077F29887FB9000CBFDF /* DataManager.swift */,
				34AA1EEA2986C062007B99D3 /* ImagePickerManager.swift */,
			);
			path = Managers;
			sourceTree = "<group>";
		};
		34AA1EED2986F078007B99D3 /* AltSubViews */ = {
			isa = PBXGroup;
			children = (
				342412FA2984681500CD4DCF /* ViewsBackground.swift */,
			);
			path = AltSubViews;
			sourceTree = "<group>";
		};
		34AA1EFB29886987007B99D3 /* Fonts */ = {
			isa = PBXGroup;
			children = (
				349CFF972989F73F00D925CD /* FredokaOne-Regular.ttf */,
			);
			path = Fonts;
			sourceTree = "<group>";
		};
		34C1C9C7298C7EFC009419DF /* View */ = {
			isa = PBXGroup;
			children = (
				34AA1EE5298618FF007B99D3 /* HomeView.swift */,
				349A956B298389CD00D12B4A /* AddMovieView.swift */,
			);
			path = View;
			sourceTree = "<group>";
		};
/* End PBXGroup section */

/* Begin PBXNativeTarget section */
		349A9565298389CD00D12B4A /* Moviee */ = {
			isa = PBXNativeTarget;
			buildConfigurationList = 349A9574298389CF00D12B4A /* Build configuration list for PBXNativeTarget "Moviee" */;
			buildPhases = (
				349A9562298389CD00D12B4A /* Sources */,
				349A9563298389CD00D12B4A /* Frameworks */,
				349A9564298389CD00D12B4A /* Resources */,
			);
			buildRules = (
			);
			dependencies = (
			);
			name = Moviee;
			productName = Moviee;
			productReference = 349A9566298389CD00D12B4A /* Moviee.app */;
			productType = "com.apple.product-type.application";
		};
/* End PBXNativeTarget section */

/* Begin PBXProject section */
		349A955E298389CD00D12B4A /* Project object */ = {
			isa = PBXProject;
			attributes = {
				BuildIndependentTargetsInParallel = 1;
				LastSwiftUpdateCheck = 1420;
				LastUpgradeCheck = 1420;
				TargetAttributes = {
					349A9565298389CD00D12B4A = {
						CreatedOnToolsVersion = 14.2;
					};
				};
			};
			buildConfigurationList = 349A9561298389CD00D12B4A /* Build configuration list for PBXProject "Moviee" */;
			compatibilityVersion = "Xcode 14.0";
			developmentRegion = en;
			hasScannedForEncodings = 0;
			knownRegions = (
				en,
				Base,
			);
			mainGroup = 349A955D298389CD00D12B4A;
			productRefGroup = 349A9567298389CD00D12B4A /* Products */;
			projectDirPath = "";
			projectRoot = "";
			targets = (
				349A9565298389CD00D12B4A /* Moviee */,
			);
		};
/* End PBXProject section */

/* Begin PBXResourcesBuildPhase section */
		349A9564298389CD00D12B4A /* Resources */ = {
			isa = PBXResourcesBuildPhase;
			buildActionMask = 2147483647;
			files = (
				349A9571298389CF00D12B4A /* Preview Assets.xcassets in Resources */,
				342412E329845E3F00CD4DCF /* Localizable.strings in Resources */,
				349A956E298389CF00D12B4A /* Assets.xcassets in Resources */,
				349CFF982989F76700D925CD /* FredokaOne-Regular.ttf in Resources */,
			);
			runOnlyForDeploymentPostprocessing = 0;
		};
/* End PBXResourcesBuildPhase section */

/* Begin PBXSourcesBuildPhase section */
		349A9562298389CD00D12B4A /* Sources */ = {
			isa = PBXSourcesBuildPhase;
			buildActionMask = 2147483647;
			files = (
				342412EE298462AE00CD4DCF /* MovieNameAddField.swift in Sources */,
				34AA1EE829861AEF007B99D3 /* MovieeRouter.swift in Sources */,
				34AA1EDE2985BD3A007B99D3 /* MoneyValueAddStyle.swift in Sources */,
				34AA1ED62985B25F007B99D3 /* GoHomeButton.swift in Sources */,
				349CFFA8298AC64700D925CD /* ViewModelManager.swift in Sources */,
				342412E529845E4D00CD4DCF /* TextHelper.swift in Sources */,
				34AA1EE229860B43007B99D3 /* AddTakeImageButton.swift in Sources */,
				34AA1EE6298618FF007B99D3 /* HomeView.swift in Sources */,
				34AA1ED42985A461007B99D3 /* ImagePickerStyle.swift in Sources */,
				34AA1ED82985B2D9007B99D3 /* ImagePickerButton.swift in Sources */,
				349CFF9A2989F7E900D925CD /* Font+Extensions.swift in Sources */,
				34AA1EE0298600D8007B99D3 /* AddTakeImageStyle.swift in Sources */,
				34AA1EEF2986F0A2007B99D3 /* ImageSectionButtons.swift in Sources */,
				34AA1ED22985A1EE007B99D3 /* GoHomeStyle.swift in Sources */,
				34C1C9BF298BFD9B009419DF /* UIImage+Extensions.swift in Sources */,
				342412EB2984619100CD4DCF /* ColorHelper.swift in Sources */,
				34AA1EE429860E40007B99D3 /* Observer+Extensions.swift in Sources */,
				34AA1EDC2985B98C007B99D3 /* MovieNameAddStyle.swift in Sources */,
				34AA1ED029859F8C007B99D3 /* String+Extensions.swift in Sources */,
				342412F1298462DB00CD4DCF /* PriceValueAddField.swift in Sources */,
				342412FB2984681500CD4DCF /* ViewsBackground.swift in Sources */,
				349A956C298389CD00D12B4A /* AddMovieView.swift in Sources */,
				34AA1ECE29859CB5007B99D3 /* AddMovieButton.swift in Sources */,
				342412F92984648200CD4DCF /* AddMovieStyle.swift in Sources */,
				349A956A298389CD00D12B4A /* MovieeApp.swift in Sources */,
				346F078029887FB9000CBFDF /* DataManager.swift in Sources */,
				342412E129845C5500CD4DCF /* ImageHelper.swift in Sources */,
				342412F62984633A00CD4DCF /* StyleHelper.swift in Sources */,
				34AA1F0F29887E2F007B99D3 /* MovieeModel.xcdatamodeld in Sources */,
				34AA1EEB2986C062007B99D3 /* ImagePickerManager.swift in Sources */,
			);
			runOnlyForDeploymentPostprocessing = 0;
		};
/* End PBXSourcesBuildPhase section */

/* Begin XCBuildConfiguration section */
		349A9572298389CF00D12B4A /* Debug */ = {
			isa = XCBuildConfiguration;
			buildSettings = {
				ALWAYS_SEARCH_USER_PATHS = NO;
				CLANG_ANALYZER_NONNULL = YES;
				CLANG_ANALYZER_NUMBER_OBJECT_CONVERSION = YES_AGGRESSIVE;
				CLANG_CXX_LANGUAGE_STANDARD = "gnu++20";
				CLANG_ENABLE_MODULES = YES;
				CLANG_ENABLE_OBJC_ARC = YES;
				CLANG_ENABLE_OBJC_WEAK = YES;
				CLANG_WARN_BLOCK_CAPTURE_AUTORELEASING = YES;
				CLANG_WARN_BOOL_CONVERSION = YES;
				CLANG_WARN_COMMA = YES;
				CLANG_WARN_CONSTANT_CONVERSION = YES;
				CLANG_WARN_DEPRECATED_OBJC_IMPLEMENTATIONS = YES;
				CLANG_WARN_DIRECT_OBJC_ISA_USAGE = YES_ERROR;
				CLANG_WARN_DOCUMENTATION_COMMENTS = YES;
				CLANG_WARN_EMPTY_BODY = YES;
				CLANG_WARN_ENUM_CONVERSION = YES;
				CLANG_WARN_INFINITE_RECURSION = YES;
				CLANG_WARN_INT_CONVERSION = YES;
				CLANG_WARN_NON_LITERAL_NULL_CONVERSION = YES;
				CLANG_WARN_OBJC_IMPLICIT_RETAIN_SELF = YES;
				CLANG_WARN_OBJC_LITERAL_CONVERSION = YES;
				CLANG_WARN_OBJC_ROOT_CLASS = YES_ERROR;
				CLANG_WARN_QUOTED_INCLUDE_IN_FRAMEWORK_HEADER = YES;
				CLANG_WARN_RANGE_LOOP_ANALYSIS = YES;
				CLANG_WARN_STRICT_PROTOTYPES = YES;
				CLANG_WARN_SUSPICIOUS_MOVE = YES;
				CLANG_WARN_UNGUARDED_AVAILABILITY = YES_AGGRESSIVE;
				CLANG_WARN_UNREACHABLE_CODE = YES;
				CLANG_WARN__DUPLICATE_METHOD_MATCH = YES;
				COPY_PHASE_STRIP = NO;
				DEBUG_INFORMATION_FORMAT = dwarf;
				ENABLE_STRICT_OBJC_MSGSEND = YES;
				ENABLE_TESTABILITY = YES;
				GCC_C_LANGUAGE_STANDARD = gnu11;
				GCC_DYNAMIC_NO_PIC = NO;
				GCC_NO_COMMON_BLOCKS = YES;
				GCC_OPTIMIZATION_LEVEL = 0;
				GCC_PREPROCESSOR_DEFINITIONS = (
					"DEBUG=1",
					"$(inherited)",
				);
				GCC_WARN_64_TO_32_BIT_CONVERSION = YES;
				GCC_WARN_ABOUT_RETURN_TYPE = YES_ERROR;
				GCC_WARN_UNDECLARED_SELECTOR = YES;
				GCC_WARN_UNINITIALIZED_AUTOS = YES_AGGRESSIVE;
				GCC_WARN_UNUSED_FUNCTION = YES;
				GCC_WARN_UNUSED_VARIABLE = YES;
				IPHONEOS_DEPLOYMENT_TARGET = 16.2;
				MTL_ENABLE_DEBUG_INFO = INCLUDE_SOURCE;
				MTL_FAST_MATH = YES;
				ONLY_ACTIVE_ARCH = YES;
				SDKROOT = iphoneos;
				SWIFT_ACTIVE_COMPILATION_CONDITIONS = DEBUG;
				SWIFT_OPTIMIZATION_LEVEL = "-Onone";
			};
			name = Debug;
		};
		349A9573298389CF00D12B4A /* Release */ = {
			isa = XCBuildConfiguration;
			buildSettings = {
				ALWAYS_SEARCH_USER_PATHS = NO;
				CLANG_ANALYZER_NONNULL = YES;
				CLANG_ANALYZER_NUMBER_OBJECT_CONVERSION = YES_AGGRESSIVE;
				CLANG_CXX_LANGUAGE_STANDARD = "gnu++20";
				CLANG_ENABLE_MODULES = YES;
				CLANG_ENABLE_OBJC_ARC = YES;
				CLANG_ENABLE_OBJC_WEAK = YES;
				CLANG_WARN_BLOCK_CAPTURE_AUTORELEASING = YES;
				CLANG_WARN_BOOL_CONVERSION = YES;
				CLANG_WARN_COMMA = YES;
				CLANG_WARN_CONSTANT_CONVERSION = YES;
				CLANG_WARN_DEPRECATED_OBJC_IMPLEMENTATIONS = YES;
				CLANG_WARN_DIRECT_OBJC_ISA_USAGE = YES_ERROR;
				CLANG_WARN_DOCUMENTATION_COMMENTS = YES;
				CLANG_WARN_EMPTY_BODY = YES;
				CLANG_WARN_ENUM_CONVERSION = YES;
				CLANG_WARN_INFINITE_RECURSION = YES;
				CLANG_WARN_INT_CONVERSION = YES;
				CLANG_WARN_NON_LITERAL_NULL_CONVERSION = YES;
				CLANG_WARN_OBJC_IMPLICIT_RETAIN_SELF = YES;
				CLANG_WARN_OBJC_LITERAL_CONVERSION = YES;
				CLANG_WARN_OBJC_ROOT_CLASS = YES_ERROR;
				CLANG_WARN_QUOTED_INCLUDE_IN_FRAMEWORK_HEADER = YES;
				CLANG_WARN_RANGE_LOOP_ANALYSIS = YES;
				CLANG_WARN_STRICT_PROTOTYPES = YES;
				CLANG_WARN_SUSPICIOUS_MOVE = YES;
				CLANG_WARN_UNGUARDED_AVAILABILITY = YES_AGGRESSIVE;
				CLANG_WARN_UNREACHABLE_CODE = YES;
				CLANG_WARN__DUPLICATE_METHOD_MATCH = YES;
				COPY_PHASE_STRIP = NO;
				DEBUG_INFORMATION_FORMAT = "dwarf-with-dsym";
				ENABLE_NS_ASSERTIONS = NO;
				ENABLE_STRICT_OBJC_MSGSEND = YES;
				GCC_C_LANGUAGE_STANDARD = gnu11;
				GCC_NO_COMMON_BLOCKS = YES;
				GCC_WARN_64_TO_32_BIT_CONVERSION = YES;
				GCC_WARN_ABOUT_RETURN_TYPE = YES_ERROR;
				GCC_WARN_UNDECLARED_SELECTOR = YES;
				GCC_WARN_UNINITIALIZED_AUTOS = YES_AGGRESSIVE;
				GCC_WARN_UNUSED_FUNCTION = YES;
				GCC_WARN_UNUSED_VARIABLE = YES;
				IPHONEOS_DEPLOYMENT_TARGET = 16.2;
				MTL_ENABLE_DEBUG_INFO = NO;
				MTL_FAST_MATH = YES;
				SDKROOT = iphoneos;
				SWIFT_COMPILATION_MODE = wholemodule;
				SWIFT_OPTIMIZATION_LEVEL = "-O";
				VALIDATE_PRODUCT = YES;
			};
			name = Release;
		};
		349A9575298389CF00D12B4A /* Debug */ = {
			isa = XCBuildConfiguration;
			buildSettings = {
				ASSETCATALOG_COMPILER_APPICON_NAME = AppIcon;
				ASSETCATALOG_COMPILER_GLOBAL_ACCENT_COLOR_NAME = AccentColor;
				CODE_SIGN_STYLE = Automatic;
				CURRENT_PROJECT_VERSION = 1;
				DEVELOPMENT_ASSET_PATHS = "\"Moviee/Preview Content\"";
				DEVELOPMENT_TEAM = MW2482B7WH;
				ENABLE_PREVIEWS = YES;
				GENERATE_INFOPLIST_FILE = YES;
				INFOPLIST_FILE = Moviee/Source/Info.plist;
				INFOPLIST_KEY_CFBundleDisplayName = Moviee;
				INFOPLIST_KEY_LSApplicationCategoryType = "public.app-category.video";
				INFOPLIST_KEY_NSCameraUsageDescription = "Moviee wants to use your camera.";
				INFOPLIST_KEY_NSPhotoLibraryUsageDescription = "Moviee wants to use your gallary.";
				INFOPLIST_KEY_UIApplicationSceneManifest_Generation = YES;
				INFOPLIST_KEY_UIApplicationSupportsIndirectInputEvents = YES;
				INFOPLIST_KEY_UILaunchScreen_Generation = YES;
				INFOPLIST_KEY_UIStatusBarStyle = UIStatusBarStyleLightContent;
				INFOPLIST_KEY_UISupportedInterfaceOrientations = UIInterfaceOrientationPortrait;
				INFOPLIST_KEY_UISupportedInterfaceOrientations_iPad = "UIInterfaceOrientationLandscapeLeft UIInterfaceOrientationLandscapeRight UIInterfaceOrientationPortrait UIInterfaceOrientationPortraitUpsideDown";
				LD_RUNPATH_SEARCH_PATHS = (
					"$(inherited)",
					"@executable_path/Frameworks",
				);
				MARKETING_VERSION = 1.0;
				PRODUCT_BUNDLE_IDENTIFIER = NomoSiOS.Moviee;
				PRODUCT_NAME = "$(TARGET_NAME)";
				SUPPORTED_PLATFORMS = "iphoneos iphonesimulator";
				SUPPORTS_MACCATALYST = NO;
				SUPPORTS_MAC_DESIGNED_FOR_IPHONE_IPAD = NO;
				SWIFT_EMIT_LOC_STRINGS = YES;
				SWIFT_VERSION = 5.0;
				TARGETED_DEVICE_FAMILY = 1;
			};
			name = Debug;
		};
		349A9576298389CF00D12B4A /* Release */ = {
			isa = XCBuildConfiguration;
			buildSettings = {
				ASSETCATALOG_COMPILER_APPICON_NAME = AppIcon;
				ASSETCATALOG_COMPILER_GLOBAL_ACCENT_COLOR_NAME = AccentColor;
				CODE_SIGN_STYLE = Automatic;
				CURRENT_PROJECT_VERSION = 1;
				DEVELOPMENT_ASSET_PATHS = "\"Moviee/Preview Content\"";
				DEVELOPMENT_TEAM = MW2482B7WH;
				ENABLE_PREVIEWS = YES;
				GENERATE_INFOPLIST_FILE = YES;
				INFOPLIST_FILE = Moviee/Source/Info.plist;
				INFOPLIST_KEY_CFBundleDisplayName = Moviee;
				INFOPLIST_KEY_LSApplicationCategoryType = "public.app-category.video";
				INFOPLIST_KEY_NSCameraUsageDescription = "Moviee wants to use your camera.";
				INFOPLIST_KEY_NSPhotoLibraryUsageDescription = "Moviee wants to use your gallary.";
				INFOPLIST_KEY_UIApplicationSceneManifest_Generation = YES;
				INFOPLIST_KEY_UIApplicationSupportsIndirectInputEvents = YES;
				INFOPLIST_KEY_UILaunchScreen_Generation = YES;
				INFOPLIST_KEY_UIStatusBarStyle = UIStatusBarStyleLightContent;
				INFOPLIST_KEY_UISupportedInterfaceOrientations = UIInterfaceOrientationPortrait;
				INFOPLIST_KEY_UISupportedInterfaceOrientations_iPad = "UIInterfaceOrientationLandscapeLeft UIInterfaceOrientationLandscapeRight UIInterfaceOrientationPortrait UIInterfaceOrientationPortraitUpsideDown";
				LD_RUNPATH_SEARCH_PATHS = (
					"$(inherited)",
					"@executable_path/Frameworks",
				);
				MARKETING_VERSION = 1.0;
				PRODUCT_BUNDLE_IDENTIFIER = NomoSiOS.Moviee;
				PRODUCT_NAME = "$(TARGET_NAME)";
				SUPPORTED_PLATFORMS = "iphoneos iphonesimulator";
				SUPPORTS_MACCATALYST = NO;
				SUPPORTS_MAC_DESIGNED_FOR_IPHONE_IPAD = NO;
				SWIFT_EMIT_LOC_STRINGS = YES;
				SWIFT_VERSION = 5.0;
				TARGETED_DEVICE_FAMILY = 1;
			};
			name = Release;
		};
/* End XCBuildConfiguration section */

/* Begin XCConfigurationList section */
		349A9561298389CD00D12B4A /* Build configuration list for PBXProject "Moviee" */ = {
			isa = XCConfigurationList;
			buildConfigurations = (
				349A9572298389CF00D12B4A /* Debug */,
				349A9573298389CF00D12B4A /* Release */,
			);
			defaultConfigurationIsVisible = 0;
			defaultConfigurationName = Release;
		};
		349A9574298389CF00D12B4A /* Build configuration list for PBXNativeTarget "Moviee" */ = {
			isa = XCConfigurationList;
			buildConfigurations = (
				349A9575298389CF00D12B4A /* Debug */,
				349A9576298389CF00D12B4A /* Release */,
			);
			defaultConfigurationIsVisible = 0;
			defaultConfigurationName = Release;
		};
/* End XCConfigurationList section */

/* Begin XCVersionGroup section */
		34AA1F0D29887E2F007B99D3 /* MovieeModel.xcdatamodeld */ = {
			isa = XCVersionGroup;
			children = (
				34AA1F0E29887E2F007B99D3 /* MovieeModel.xcdatamodel */,
			);
			currentVersion = 34AA1F0E29887E2F007B99D3 /* MovieeModel.xcdatamodel */;
			path = MovieeModel.xcdatamodeld;
			sourceTree = "<group>";
			versionGroupType = wrapper.xcdatamodel;
		};
/* End XCVersionGroup section */
	};
	rootObject = 349A955E298389CD00D12B4A /* Project object */;
}
