// !$*UTF8*$!
{
	archiveVersion = 1;
	classes = {
	};
	objectVersion = 56;
	objects = {

/* Begin PBXBuildFile section */
		342412E129845C5500CD4DCF /* ImageHelper.swift in Sources */ = {isa = PBXBuildFile; fileRef = 342412E029845C5500CD4DCF /* ImageHelper.swift */; };
		342412E329845E3F00CD4DCF /* Localizable.strings in Resources */ = {isa = PBXBuildFile; fileRef = 342412E229845E3F00CD4DCF /* Localizable.strings */; };
		342412E529845E4D00CD4DCF /* TextHelper.swift in Sources */ = {isa = PBXBuildFile; fileRef = 342412E429845E4D00CD4DCF /* TextHelper.swift */; };
		342412EB2984619100CD4DCF /* ColorHelper.swift in Sources */ = {isa = PBXBuildFile; fileRef = 342412EA2984619100CD4DCF /* ColorHelper.swift */; };
		342412EE298462AE00CD4DCF /* MovieNameAddField.swift in Sources */ = {isa = PBXBuildFile; fileRef = 342412ED298462AE00CD4DCF /* MovieNameAddField.swift */; };
		342412F1298462DB00CD4DCF /* MoneyValueAddField.swift in Sources */ = {isa = PBXBuildFile; fileRef = 342412F0298462DB00CD4DCF /* MoneyValueAddField.swift */; };
		342412F62984633A00CD4DCF /* StyleHelper.swift in Sources */ = {isa = PBXBuildFile; fileRef = 342412F52984633A00CD4DCF /* StyleHelper.swift */; };
		342412F92984648200CD4DCF /* AddMovieStyle.swift in Sources */ = {isa = PBXBuildFile; fileRef = 342412F82984648200CD4DCF /* AddMovieStyle.swift */; };
		342412FB2984681500CD4DCF /* ViewsBackground.swift in Sources */ = {isa = PBXBuildFile; fileRef = 342412FA2984681500CD4DCF /* ViewsBackground.swift */; };
		349A956A298389CD00D12B4A /* MovieeApp.swift in Sources */ = {isa = PBXBuildFile; fileRef = 349A9569298389CD00D12B4A /* MovieeApp.swift */; };
		349A956C298389CD00D12B4A /* AddMovie.swift in Sources */ = {isa = PBXBuildFile; fileRef = 349A956B298389CD00D12B4A /* AddMovie.swift */; };
		349A956E298389CF00D12B4A /* Assets.xcassets in Resources */ = {isa = PBXBuildFile; fileRef = 349A956D298389CF00D12B4A /* Assets.xcassets */; };
		349A9571298389CF00D12B4A /* Preview Assets.xcassets in Resources */ = {isa = PBXBuildFile; fileRef = 349A9570298389CF00D12B4A /* Preview Assets.xcassets */; };
		34AA1ECE29859CB5007B99D3 /* AddMovieButton.swift in Sources */ = {isa = PBXBuildFile; fileRef = 34AA1ECD29859CB5007B99D3 /* AddMovieButton.swift */; };
		34AA1ED029859F8C007B99D3 /* String.swift in Sources */ = {isa = PBXBuildFile; fileRef = 34AA1ECF29859F8C007B99D3 /* String.swift */; };
		34AA1ED22985A1EE007B99D3 /* GoHomeStyle.swift in Sources */ = {isa = PBXBuildFile; fileRef = 34AA1ED12985A1EE007B99D3 /* GoHomeStyle.swift */; };
		34AA1ED42985A461007B99D3 /* ImagePickerStyle.swift in Sources */ = {isa = PBXBuildFile; fileRef = 34AA1ED32985A461007B99D3 /* ImagePickerStyle.swift */; };
		34AA1ED62985B25F007B99D3 /* GoHomeButton.swift in Sources */ = {isa = PBXBuildFile; fileRef = 34AA1ED52985B25F007B99D3 /* GoHomeButton.swift */; };
		34AA1ED82985B2D9007B99D3 /* ImagePickerButton.swift in Sources */ = {isa = PBXBuildFile; fileRef = 34AA1ED72985B2D9007B99D3 /* ImagePickerButton.swift */; };
		34AA1EDC2985B98C007B99D3 /* MovieNameAddStyle.swift in Sources */ = {isa = PBXBuildFile; fileRef = 34AA1EDB2985B98C007B99D3 /* MovieNameAddStyle.swift */; };
		34AA1EDE2985BD3A007B99D3 /* MoneyValueAddStyle.swift in Sources */ = {isa = PBXBuildFile; fileRef = 34AA1EDD2985BD3A007B99D3 /* MoneyValueAddStyle.swift */; };
		34AA1EE0298600D8007B99D3 /* AddTakeImageStyle.swift in Sources */ = {isa = PBXBuildFile; fileRef = 34AA1EDF298600D8007B99D3 /* AddTakeImageStyle.swift */; };
		34AA1EE229860B43007B99D3 /* AddTakeImageButton.swift in Sources */ = {isa = PBXBuildFile; fileRef = 34AA1EE129860B43007B99D3 /* AddTakeImageButton.swift */; };
		34AA1EE429860E40007B99D3 /* Observer.swift in Sources */ = {isa = PBXBuildFile; fileRef = 34AA1EE329860E40007B99D3 /* Observer.swift */; };
/* End PBXBuildFile section */

/* Begin PBXFileReference section */
		342412E029845C5500CD4DCF /* ImageHelper.swift */ = {isa = PBXFileReference; lastKnownFileType = sourcecode.swift; path = ImageHelper.swift; sourceTree = "<group>"; };
		342412E229845E3F00CD4DCF /* Localizable.strings */ = {isa = PBXFileReference; lastKnownFileType = text.plist.strings; path = Localizable.strings; sourceTree = "<group>"; };
		342412E429845E4D00CD4DCF /* TextHelper.swift */ = {isa = PBXFileReference; lastKnownFileType = sourcecode.swift; path = TextHelper.swift; sourceTree = "<group>"; };
		342412EA2984619100CD4DCF /* ColorHelper.swift */ = {isa = PBXFileReference; lastKnownFileType = sourcecode.swift; path = ColorHelper.swift; sourceTree = "<group>"; };
		342412ED298462AE00CD4DCF /* MovieNameAddField.swift */ = {isa = PBXFileReference; lastKnownFileType = sourcecode.swift; path = MovieNameAddField.swift; sourceTree = "<group>"; };
		342412F0298462DB00CD4DCF /* MoneyValueAddField.swift */ = {isa = PBXFileReference; lastKnownFileType = sourcecode.swift; path = MoneyValueAddField.swift; sourceTree = "<group>"; };
		342412F52984633A00CD4DCF /* StyleHelper.swift */ = {isa = PBXFileReference; lastKnownFileType = sourcecode.swift; path = StyleHelper.swift; sourceTree = "<group>"; };
		342412F82984648200CD4DCF /* AddMovieStyle.swift */ = {isa = PBXFileReference; lastKnownFileType = sourcecode.swift; path = AddMovieStyle.swift; sourceTree = "<group>"; };
		342412FA2984681500CD4DCF /* ViewsBackground.swift */ = {isa = PBXFileReference; lastKnownFileType = sourcecode.swift; path = ViewsBackground.swift; sourceTree = "<group>"; };
		349A9566298389CD00D12B4A /* Moviee.app */ = {isa = PBXFileReference; explicitFileType = wrapper.application; includeInIndex = 0; path = Moviee.app; sourceTree = BUILT_PRODUCTS_DIR; };
		349A9569298389CD00D12B4A /* MovieeApp.swift */ = {isa = PBXFileReference; lastKnownFileType = sourcecode.swift; path = MovieeApp.swift; sourceTree = "<group>"; };
		349A956B298389CD00D12B4A /* AddMovie.swift */ = {isa = PBXFileReference; lastKnownFileType = sourcecode.swift; path = AddMovie.swift; sourceTree = "<group>"; };
		349A956D298389CF00D12B4A /* Assets.xcassets */ = {isa = PBXFileReference; lastKnownFileType = folder.assetcatalog; path = Assets.xcassets; sourceTree = "<group>"; };
		349A9570298389CF00D12B4A /* Preview Assets.xcassets */ = {isa = PBXFileReference; lastKnownFileType = folder.assetcatalog; path = "Preview Assets.xcassets"; sourceTree = "<group>"; };
		34AA1ECD29859CB5007B99D3 /* AddMovieButton.swift */ = {isa = PBXFileReference; lastKnownFileType = sourcecode.swift; path = AddMovieButton.swift; sourceTree = "<group>"; };
		34AA1ECF29859F8C007B99D3 /* String.swift */ = {isa = PBXFileReference; lastKnownFileType = sourcecode.swift; path = String.swift; sourceTree = "<group>"; };
		34AA1ED12985A1EE007B99D3 /* GoHomeStyle.swift */ = {isa = PBXFileReference; lastKnownFileType = sourcecode.swift; path = GoHomeStyle.swift; sourceTree = "<group>"; };
		34AA1ED32985A461007B99D3 /* ImagePickerStyle.swift */ = {isa = PBXFileReference; lastKnownFileType = sourcecode.swift; path = ImagePickerStyle.swift; sourceTree = "<group>"; };
		34AA1ED52985B25F007B99D3 /* GoHomeButton.swift */ = {isa = PBXFileReference; lastKnownFileType = sourcecode.swift; path = GoHomeButton.swift; sourceTree = "<group>"; };
		34AA1ED72985B2D9007B99D3 /* ImagePickerButton.swift */ = {isa = PBXFileReference; lastKnownFileType = sourcecode.swift; path = ImagePickerButton.swift; sourceTree = "<group>"; };
		34AA1EDB2985B98C007B99D3 /* MovieNameAddStyle.swift */ = {isa = PBXFileReference; lastKnownFileType = sourcecode.swift; path = MovieNameAddStyle.swift; sourceTree = "<group>"; };
		34AA1EDD2985BD3A007B99D3 /* MoneyValueAddStyle.swift */ = {isa = PBXFileReference; lastKnownFileType = sourcecode.swift; path = MoneyValueAddStyle.swift; sourceTree = "<group>"; };
		34AA1EDF298600D8007B99D3 /* AddTakeImageStyle.swift */ = {isa = PBXFileReference; lastKnownFileType = sourcecode.swift; path = AddTakeImageStyle.swift; sourceTree = "<group>"; };
		34AA1EE129860B43007B99D3 /* AddTakeImageButton.swift */ = {isa = PBXFileReference; lastKnownFileType = sourcecode.swift; path = AddTakeImageButton.swift; sourceTree = "<group>"; };
		34AA1EE329860E40007B99D3 /* Observer.swift */ = {isa = PBXFileReference; lastKnownFileType = sourcecode.swift; path = Observer.swift; sourceTree = "<group>"; };
/* End PBXFileReference section */

/* Begin PBXFrameworksBuildPhase section */
		349A9563298389CD00D12B4A /* Frameworks */ = {
			isa = PBXFrameworksBuildPhase;
			buildActionMask = 2147483647;
			files = (
			);
			runOnlyForDeploymentPostprocessing = 0;
		};
/* End PBXFrameworksBuildPhase section */

/* Begin PBXGroup section */
		342412D92984574D00CD4DCF /* View */ = {
			isa = PBXGroup;
			children = (
				349A956B298389CD00D12B4A /* AddMovie.swift */,
			);
			path = View;
			sourceTree = "<group>";
		};
		342412DA2984575100CD4DCF /* Router */ = {
			isa = PBXGroup;
			children = (
				349A9569298389CD00D12B4A /* MovieeApp.swift */,
			);
			path = Router;
			sourceTree = "<group>";
		};
		342412DB2984575700CD4DCF /* Interector */ = {
			isa = PBXGroup;
			children = (
				34AA1EDA2985B962007B99D3 /* Styles */,
				342412E629845FBF00CD4DCF /* Extensions */,
				342412DF29845C4100CD4DCF /* Helpers */,
			);
			path = Interector;
			sourceTree = "<group>";
		};
		342412DC2984577200CD4DCF /* Entity */ = {
			isa = PBXGroup;
			children = (
				349A956D298389CF00D12B4A /* Assets.xcassets */,
				342412E229845E3F00CD4DCF /* Localizable.strings */,
			);
			path = Entity;
			sourceTree = "<group>";
		};
		342412DD2984578800CD4DCF /* Presenter */ = {
			isa = PBXGroup;
			children = (
				34AA1ECC29859C9C007B99D3 /* Buttons */,
				342412EC2984626500CD4DCF /* TextField */,
				342412FA2984681500CD4DCF /* ViewsBackground.swift */,
			);
			path = Presenter;
			sourceTree = "<group>";
		};
		342412DF29845C4100CD4DCF /* Helpers */ = {
			isa = PBXGroup;
			children = (
				342412F42984631700CD4DCF /* AssetsHelper */,
				342412F72984636B00CD4DCF /* PropertiesHelper */,
			);
			path = Helpers;
			sourceTree = "<group>";
		};
		342412E629845FBF00CD4DCF /* Extensions */ = {
			isa = PBXGroup;
			children = (
				34AA1ECF29859F8C007B99D3 /* String.swift */,
				34AA1EE329860E40007B99D3 /* Observer.swift */,
			);
			path = Extensions;
			sourceTree = "<group>";
		};
		342412E92984616800CD4DCF /* ButtonStyle */ = {
			isa = PBXGroup;
			children = (
				342412F82984648200CD4DCF /* AddMovieStyle.swift */,
				34AA1ED12985A1EE007B99D3 /* GoHomeStyle.swift */,
				34AA1ED32985A461007B99D3 /* ImagePickerStyle.swift */,
				34AA1EDF298600D8007B99D3 /* AddTakeImageStyle.swift */,
			);
			path = ButtonStyle;
			sourceTree = "<group>";
		};
		342412EC2984626500CD4DCF /* TextField */ = {
			isa = PBXGroup;
			children = (
				342412ED298462AE00CD4DCF /* MovieNameAddField.swift */,
				342412F0298462DB00CD4DCF /* MoneyValueAddField.swift */,
			);
			path = TextField;
			sourceTree = "<group>";
		};
		342412F42984631700CD4DCF /* AssetsHelper */ = {
			isa = PBXGroup;
			children = (
				342412E029845C5500CD4DCF /* ImageHelper.swift */,
				342412E429845E4D00CD4DCF /* TextHelper.swift */,
				342412EA2984619100CD4DCF /* ColorHelper.swift */,
			);
			path = AssetsHelper;
			sourceTree = "<group>";
		};
		342412F72984636B00CD4DCF /* PropertiesHelper */ = {
			isa = PBXGroup;
			children = (
				342412F52984633A00CD4DCF /* StyleHelper.swift */,
			);
			path = PropertiesHelper;
			sourceTree = "<group>";
		};
		349A955D298389CD00D12B4A = {
			isa = PBXGroup;
			children = (
				349A9568298389CD00D12B4A /* Moviee */,
				349A9567298389CD00D12B4A /* Products */,
			);
			sourceTree = "<group>";
		};
		349A9567298389CD00D12B4A /* Products */ = {
			isa = PBXGroup;
			children = (
				349A9566298389CD00D12B4A /* Moviee.app */,
			);
			name = Products;
			sourceTree = "<group>";
		};
		349A9568298389CD00D12B4A /* Moviee */ = {
			isa = PBXGroup;
			children = (
				342412D92984574D00CD4DCF /* View */,
				342412DB2984575700CD4DCF /* Interector */,
				342412DD2984578800CD4DCF /* Presenter */,
				342412DC2984577200CD4DCF /* Entity */,
				342412DA2984575100CD4DCF /* Router */,
				349A956F298389CF00D12B4A /* Preview Content */,
			);
			path = Moviee;
			sourceTree = "<group>";
		};
		349A956F298389CF00D12B4A /* Preview Content */ = {
			isa = PBXGroup;
			children = (
				349A9570298389CF00D12B4A /* Preview Assets.xcassets */,
			);
			path = "Preview Content";
			sourceTree = "<group>";
		};
		34AA1ECC29859C9C007B99D3 /* Buttons */ = {
			isa = PBXGroup;
			children = (
				34AA1ECD29859CB5007B99D3 /* AddMovieButton.swift */,
				34AA1ED52985B25F007B99D3 /* GoHomeButton.swift */,
				34AA1ED72985B2D9007B99D3 /* ImagePickerButton.swift */,
				34AA1EE129860B43007B99D3 /* AddTakeImageButton.swift */,
			);
			path = Buttons;
			sourceTree = "<group>";
		};
		34AA1ED92985B958007B99D3 /* TextFieldStyle */ = {
			isa = PBXGroup;
			children = (
				34AA1EDB2985B98C007B99D3 /* MovieNameAddStyle.swift */,
				34AA1EDD2985BD3A007B99D3 /* MoneyValueAddStyle.swift */,
			);
			path = TextFieldStyle;
			sourceTree = "<group>";
		};
		34AA1EDA2985B962007B99D3 /* Styles */ = {
			isa = PBXGroup;
			children = (
				34AA1ED92985B958007B99D3 /* TextFieldStyle */,
				342412E92984616800CD4DCF /* ButtonStyle */,
			);
			path = Styles;
			sourceTree = "<group>";
		};
/* End PBXGroup section */

/* Begin PBXNativeTarget section */
		349A9565298389CD00D12B4A /* Moviee */ = {
			isa = PBXNativeTarget;
			buildConfigurationList = 349A9574298389CF00D12B4A /* Build configuration list for PBXNativeTarget "Moviee" */;
			buildPhases = (
				349A9562298389CD00D12B4A /* Sources */,
				349A9563298389CD00D12B4A /* Frameworks */,
				349A9564298389CD00D12B4A /* Resources */,
			);
			buildRules = (
			);
			dependencies = (
			);
			name = Moviee;
			productName = Moviee;
			productReference = 349A9566298389CD00D12B4A /* Moviee.app */;
			productType = "com.apple.product-type.application";
		};
/* End PBXNativeTarget section */

/* Begin PBXProject section */
		349A955E298389CD00D12B4A /* Project object */ = {
			isa = PBXProject;
			attributes = {
				BuildIndependentTargetsInParallel = 1;
				LastSwiftUpdateCheck = 1420;
				LastUpgradeCheck = 1420;
				TargetAttributes = {
					349A9565298389CD00D12B4A = {
						CreatedOnToolsVersion = 14.2;
					};
				};
			};
			buildConfigurationList = 349A9561298389CD00D12B4A /* Build configuration list for PBXProject "Moviee" */;
			compatibilityVersion = "Xcode 14.0";
			developmentRegion = en;
			hasScannedForEncodings = 0;
			knownRegions = (
				en,
				Base,
			);
			mainGroup = 349A955D298389CD00D12B4A;
			productRefGroup = 349A9567298389CD00D12B4A /* Products */;
			projectDirPath = "";
			projectRoot = "";
			targets = (
				349A9565298389CD00D12B4A /* Moviee */,
			);
		};
/* End PBXProject section */

/* Begin PBXResourcesBuildPhase section */
		349A9564298389CD00D12B4A /* Resources */ = {
			isa = PBXResourcesBuildPhase;
			buildActionMask = 2147483647;
			files = (
				349A9571298389CF00D12B4A /* Preview Assets.xcassets in Resources */,
				342412E329845E3F00CD4DCF /* Localizable.strings in Resources */,
				349A956E298389CF00D12B4A /* Assets.xcassets in Resources */,
			);
			runOnlyForDeploymentPostprocessing = 0;
		};
/* End PBXResourcesBuildPhase section */

/* Begin PBXSourcesBuildPhase section */
		349A9562298389CD00D12B4A /* Sources */ = {
			isa = PBXSourcesBuildPhase;
			buildActionMask = 2147483647;
			files = (
				342412EE298462AE00CD4DCF /* MovieNameAddField.swift in Sources */,
				34AA1EDE2985BD3A007B99D3 /* MoneyValueAddStyle.swift in Sources */,
				34AA1ED62985B25F007B99D3 /* GoHomeButton.swift in Sources */,
				342412E529845E4D00CD4DCF /* TextHelper.swift in Sources */,
				34AA1EE229860B43007B99D3 /* AddTakeImageButton.swift in Sources */,
				34AA1ED42985A461007B99D3 /* ImagePickerStyle.swift in Sources */,
				34AA1ED82985B2D9007B99D3 /* ImagePickerButton.swift in Sources */,
				34AA1EE0298600D8007B99D3 /* AddTakeImageStyle.swift in Sources */,
				34AA1ED22985A1EE007B99D3 /* GoHomeStyle.swift in Sources */,
				342412EB2984619100CD4DCF /* ColorHelper.swift in Sources */,
				34AA1EE429860E40007B99D3 /* Observer.swift in Sources */,
				34AA1EDC2985B98C007B99D3 /* MovieNameAddStyle.swift in Sources */,
				34AA1ED029859F8C007B99D3 /* String.swift in Sources */,
				342412F1298462DB00CD4DCF /* MoneyValueAddField.swift in Sources */,
				342412FB2984681500CD4DCF /* ViewsBackground.swift in Sources */,
				349A956C298389CD00D12B4A /* AddMovie.swift in Sources */,
				34AA1ECE29859CB5007B99D3 /* AddMovieButton.swift in Sources */,
				342412F92984648200CD4DCF /* AddMovieStyle.swift in Sources */,
				349A956A298389CD00D12B4A /* MovieeApp.swift in Sources */,
				342412E129845C5500CD4DCF /* ImageHelper.swift in Sources */,
				342412F62984633A00CD4DCF /* StyleHelper.swift in Sources */,
			);
			runOnlyForDeploymentPostprocessing = 0;
		};
/* End PBXSourcesBuildPhase section */

/* Begin XCBuildConfiguration section */
		349A9572298389CF00D12B4A /* Debug */ = {
			isa = XCBuildConfiguration;
			buildSettings = {
				ALWAYS_SEARCH_USER_PATHS = NO;
				CLANG_ANALYZER_NONNULL = YES;
				CLANG_ANALYZER_NUMBER_OBJECT_CONVERSION = YES_AGGRESSIVE;
				CLANG_CXX_LANGUAGE_STANDARD = "gnu++20";
				CLANG_ENABLE_MODULES = YES;
				CLANG_ENABLE_OBJC_ARC = YES;
				CLANG_ENABLE_OBJC_WEAK = YES;
				CLANG_WARN_BLOCK_CAPTURE_AUTORELEASING = YES;
				CLANG_WARN_BOOL_CONVERSION = YES;
				CLANG_WARN_COMMA = YES;
				CLANG_WARN_CONSTANT_CONVERSION = YES;
				CLANG_WARN_DEPRECATED_OBJC_IMPLEMENTATIONS = YES;
				CLANG_WARN_DIRECT_OBJC_ISA_USAGE = YES_ERROR;
				CLANG_WARN_DOCUMENTATION_COMMENTS = YES;
				CLANG_WARN_EMPTY_BODY = YES;
				CLANG_WARN_ENUM_CONVERSION = YES;
				CLANG_WARN_INFINITE_RECURSION = YES;
				CLANG_WARN_INT_CONVERSION = YES;
				CLANG_WARN_NON_LITERAL_NULL_CONVERSION = YES;
				CLANG_WARN_OBJC_IMPLICIT_RETAIN_SELF = YES;
				CLANG_WARN_OBJC_LITERAL_CONVERSION = YES;
				CLANG_WARN_OBJC_ROOT_CLASS = YES_ERROR;
				CLANG_WARN_QUOTED_INCLUDE_IN_FRAMEWORK_HEADER = YES;
				CLANG_WARN_RANGE_LOOP_ANALYSIS = YES;
				CLANG_WARN_STRICT_PROTOTYPES = YES;
				CLANG_WARN_SUSPICIOUS_MOVE = YES;
				CLANG_WARN_UNGUARDED_AVAILABILITY = YES_AGGRESSIVE;
				CLANG_WARN_UNREACHABLE_CODE = YES;
				CLANG_WARN__DUPLICATE_METHOD_MATCH = YES;
				COPY_PHASE_STRIP = NO;
				DEBUG_INFORMATION_FORMAT = dwarf;
				ENABLE_STRICT_OBJC_MSGSEND = YES;
				ENABLE_TESTABILITY = YES;
				GCC_C_LANGUAGE_STANDARD = gnu11;
				GCC_DYNAMIC_NO_PIC = NO;
				GCC_NO_COMMON_BLOCKS = YES;
				GCC_OPTIMIZATION_LEVEL = 0;
				GCC_PREPROCESSOR_DEFINITIONS = (
					"DEBUG=1",
					"$(inherited)",
				);
				GCC_WARN_64_TO_32_BIT_CONVERSION = YES;
				GCC_WARN_ABOUT_RETURN_TYPE = YES_ERROR;
				GCC_WARN_UNDECLARED_SELECTOR = YES;
				GCC_WARN_UNINITIALIZED_AUTOS = YES_AGGRESSIVE;
				GCC_WARN_UNUSED_FUNCTION = YES;
				GCC_WARN_UNUSED_VARIABLE = YES;
				IPHONEOS_DEPLOYMENT_TARGET = 16.2;
				MTL_ENABLE_DEBUG_INFO = INCLUDE_SOURCE;
				MTL_FAST_MATH = YES;
				ONLY_ACTIVE_ARCH = YES;
				SDKROOT = iphoneos;
				SWIFT_ACTIVE_COMPILATION_CONDITIONS = DEBUG;
				SWIFT_OPTIMIZATION_LEVEL = "-Onone";
			};
			name = Debug;
		};
		349A9573298389CF00D12B4A /* Release */ = {
			isa = XCBuildConfiguration;
			buildSettings = {
				ALWAYS_SEARCH_USER_PATHS = NO;
				CLANG_ANALYZER_NONNULL = YES;
				CLANG_ANALYZER_NUMBER_OBJECT_CONVERSION = YES_AGGRESSIVE;
				CLANG_CXX_LANGUAGE_STANDARD = "gnu++20";
				CLANG_ENABLE_MODULES = YES;
				CLANG_ENABLE_OBJC_ARC = YES;
				CLANG_ENABLE_OBJC_WEAK = YES;
				CLANG_WARN_BLOCK_CAPTURE_AUTORELEASING = YES;
				CLANG_WARN_BOOL_CONVERSION = YES;
				CLANG_WARN_COMMA = YES;
				CLANG_WARN_CONSTANT_CONVERSION = YES;
				CLANG_WARN_DEPRECATED_OBJC_IMPLEMENTATIONS = YES;
				CLANG_WARN_DIRECT_OBJC_ISA_USAGE = YES_ERROR;
				CLANG_WARN_DOCUMENTATION_COMMENTS = YES;
				CLANG_WARN_EMPTY_BODY = YES;
				CLANG_WARN_ENUM_CONVERSION = YES;
				CLANG_WARN_INFINITE_RECURSION = YES;
				CLANG_WARN_INT_CONVERSION = YES;
				CLANG_WARN_NON_LITERAL_NULL_CONVERSION = YES;
				CLANG_WARN_OBJC_IMPLICIT_RETAIN_SELF = YES;
				CLANG_WARN_OBJC_LITERAL_CONVERSION = YES;
				CLANG_WARN_OBJC_ROOT_CLASS = YES_ERROR;
				CLANG_WARN_QUOTED_INCLUDE_IN_FRAMEWORK_HEADER = YES;
				CLANG_WARN_RANGE_LOOP_ANALYSIS = YES;
				CLANG_WARN_STRICT_PROTOTYPES = YES;
				CLANG_WARN_SUSPICIOUS_MOVE = YES;
				CLANG_WARN_UNGUARDED_AVAILABILITY = YES_AGGRESSIVE;
				CLANG_WARN_UNREACHABLE_CODE = YES;
				CLANG_WARN__DUPLICATE_METHOD_MATCH = YES;
				COPY_PHASE_STRIP = NO;
				DEBUG_INFORMATION_FORMAT = "dwarf-with-dsym";
				ENABLE_NS_ASSERTIONS = NO;
				ENABLE_STRICT_OBJC_MSGSEND = YES;
				GCC_C_LANGUAGE_STANDARD = gnu11;
				GCC_NO_COMMON_BLOCKS = YES;
				GCC_WARN_64_TO_32_BIT_CONVERSION = YES;
				GCC_WARN_ABOUT_RETURN_TYPE = YES_ERROR;
				GCC_WARN_UNDECLARED_SELECTOR = YES;
				GCC_WARN_UNINITIALIZED_AUTOS = YES_AGGRESSIVE;
				GCC_WARN_UNUSED_FUNCTION = YES;
				GCC_WARN_UNUSED_VARIABLE = YES;
				IPHONEOS_DEPLOYMENT_TARGET = 16.2;
				MTL_ENABLE_DEBUG_INFO = NO;
				MTL_FAST_MATH = YES;
				SDKROOT = iphoneos;
				SWIFT_COMPILATION_MODE = wholemodule;
				SWIFT_OPTIMIZATION_LEVEL = "-O";
				VALIDATE_PRODUCT = YES;
			};
			name = Release;
		};
		349A9575298389CF00D12B4A /* Debug */ = {
			isa = XCBuildConfiguration;
			buildSettings = {
				ASSETCATALOG_COMPILER_APPICON_NAME = AppIcon;
				ASSETCATALOG_COMPILER_GLOBAL_ACCENT_COLOR_NAME = AccentColor;
				CODE_SIGN_STYLE = Automatic;
				CURRENT_PROJECT_VERSION = 1;
				DEVELOPMENT_ASSET_PATHS = "\"Moviee/Preview Content\"";
				DEVELOPMENT_TEAM = MW2482B7WH;
				ENABLE_PREVIEWS = YES;
				GENERATE_INFOPLIST_FILE = YES;
				INFOPLIST_KEY_CFBundleDisplayName = Moviee;
				INFOPLIST_KEY_LSApplicationCategoryType = "public.app-category.video";
				INFOPLIST_KEY_UIApplicationSceneManifest_Generation = YES;
				INFOPLIST_KEY_UIApplicationSupportsIndirectInputEvents = YES;
				INFOPLIST_KEY_UILaunchScreen_Generation = YES;
				INFOPLIST_KEY_UIStatusBarStyle = UIStatusBarStyleDarkContent;
				INFOPLIST_KEY_UISupportedInterfaceOrientations = UIInterfaceOrientationPortrait;
				INFOPLIST_KEY_UISupportedInterfaceOrientations_iPad = "UIInterfaceOrientationLandscapeLeft UIInterfaceOrientationLandscapeRight UIInterfaceOrientationPortrait UIInterfaceOrientationPortraitUpsideDown";
				LD_RUNPATH_SEARCH_PATHS = (
					"$(inherited)",
					"@executable_path/Frameworks",
				);
				MARKETING_VERSION = 1.0;
				PRODUCT_BUNDLE_IDENTIFIER = NomoSiOS.Moviee;
				PRODUCT_NAME = "$(TARGET_NAME)";
				SUPPORTED_PLATFORMS = "iphoneos iphonesimulator";
				SUPPORTS_MACCATALYST = NO;
				SUPPORTS_MAC_DESIGNED_FOR_IPHONE_IPAD = NO;
				SWIFT_EMIT_LOC_STRINGS = YES;
				SWIFT_VERSION = 5.0;
				TARGETED_DEVICE_FAMILY = 1;
			};
			name = Debug;
		};
		349A9576298389CF00D12B4A /* Release */ = {
			isa = XCBuildConfiguration;
			buildSettings = {
				ASSETCATALOG_COMPILER_APPICON_NAME = AppIcon;
				ASSETCATALOG_COMPILER_GLOBAL_ACCENT_COLOR_NAME = AccentColor;
				CODE_SIGN_STYLE = Automatic;
				CURRENT_PROJECT_VERSION = 1;
				DEVELOPMENT_ASSET_PATHS = "\"Moviee/Preview Content\"";
				DEVELOPMENT_TEAM = MW2482B7WH;
				ENABLE_PREVIEWS = YES;
				GENERATE_INFOPLIST_FILE = YES;
				INFOPLIST_KEY_CFBundleDisplayName = Moviee;
				INFOPLIST_KEY_LSApplicationCategoryType = "public.app-category.video";
				INFOPLIST_KEY_UIApplicationSceneManifest_Generation = YES;
				INFOPLIST_KEY_UIApplicationSupportsIndirectInputEvents = YES;
				INFOPLIST_KEY_UILaunchScreen_Generation = YES;
				INFOPLIST_KEY_UIStatusBarStyle = UIStatusBarStyleDarkContent;
				INFOPLIST_KEY_UISupportedInterfaceOrientations = UIInterfaceOrientationPortrait;
				INFOPLIST_KEY_UISupportedInterfaceOrientations_iPad = "UIInterfaceOrientationLandscapeLeft UIInterfaceOrientationLandscapeRight UIInterfaceOrientationPortrait UIInterfaceOrientationPortraitUpsideDown";
				LD_RUNPATH_SEARCH_PATHS = (
					"$(inherited)",
					"@executable_path/Frameworks",
				);
				MARKETING_VERSION = 1.0;
				PRODUCT_BUNDLE_IDENTIFIER = NomoSiOS.Moviee;
				PRODUCT_NAME = "$(TARGET_NAME)";
				SUPPORTED_PLATFORMS = "iphoneos iphonesimulator";
				SUPPORTS_MACCATALYST = NO;
				SUPPORTS_MAC_DESIGNED_FOR_IPHONE_IPAD = NO;
				SWIFT_EMIT_LOC_STRINGS = YES;
				SWIFT_VERSION = 5.0;
				TARGETED_DEVICE_FAMILY = 1;
			};
			name = Release;
		};
/* End XCBuildConfiguration section */

/* Begin XCConfigurationList section */
		349A9561298389CD00D12B4A /* Build configuration list for PBXProject "Moviee" */ = {
			isa = XCConfigurationList;
			buildConfigurations = (
				349A9572298389CF00D12B4A /* Debug */,
				349A9573298389CF00D12B4A /* Release */,
			);
			defaultConfigurationIsVisible = 0;
			defaultConfigurationName = Release;
		};
		349A9574298389CF00D12B4A /* Build configuration list for PBXNativeTarget "Moviee" */ = {
			isa = XCConfigurationList;
			buildConfigurations = (
				349A9575298389CF00D12B4A /* Debug */,
				349A9576298389CF00D12B4A /* Release */,
			);
			defaultConfigurationIsVisible = 0;
			defaultConfigurationName = Release;
		};
/* End XCConfigurationList section */
	};
	rootObject = 349A955E298389CD00D12B4A /* Project object */;
}
